
Microsoft Visual Studio Solution File, Format Version 12.00
# Visual Studio Version 17
VisualStudioVersion = 17.3.32804.467
MinimumVisualStudioVersion = 10.0.40219.1
Project("{FAE04EC0-301F-11D3-BF4B-00C04F79EFBC}") = "IDLCompiler", "IDLCompiler.csproj", "{11E1A2B0-ACF3-4B07-BFE1-123E8D7F0340}"
EndProject
Global
	GlobalSection(SolutionConfigurationPlatforms) = preSolution
		Debug|Any CPU = Debug|Any CPU
		Release|Any CPU = Release|Any CPU
	EndGlobalSection
	GlobalSection(ProjectConfigurationPlatforms) = postSolution
		{11E1A2B0-ACF3-4B07-BFE1-123E8D7F0340}.Debug|Any CPU.ActiveCfg = Debug|Any CPU
		{11E1A2B0-ACF3-4B07-BFE1-123E8D7F0340}.Debug|Any CPU.Build.0 = Debug|Any CPU
		{11E1A2B0-ACF3-4B07-BFE1-123E8D7F0340}.Release|Any CPU.ActiveCfg = Release|Any CPU
		{11E1A2B0-ACF3-4B07-BFE1-123E8D7F0340}.Release|Any CPU.Build.0 = Release|Any CPU
	EndGlobalSection
	GlobalSection(SolutionProperties) = preSolution
		HideSolutionNode = FALSE
	EndGlobalSection
	GlobalSection(ExtensibilityGlobals) = postSolution
		SolutionGuid = {6A6CC2AB-87FF-4556-A19E-4332E80DA494}
	EndGlobalSection
EndGlobal
